
Microsoft Visual Studio Solution File, Format Version 12.00
# Visual Studio Version 17
VisualStudioVersion = 17.7.34221.43
MinimumVisualStudioVersion = 10.0.40219.1
Project("{2150E333-8FDC-42A3-9474-1A3956D46DE8}") = "Solution items", "Solution items", "{9CB9A00C-86BC-4BDC-B2C2-7DEF226FC93A}"
	ProjectSection(SolutionItems) = preProject
		.gitignore = .gitignore
		src\docker-compose.override.yml = src\docker-compose.override.yml
		src\docker-compose.yml = src\docker-compose.yml
		global.json = global.json
		README.md = README.md
	EndProjectSection
EndProject
Project("{2150E333-8FDC-42A3-9474-1A3956D46DE8}") = "src", "src", "{C8284543-6DA3-4A39-A62E-C47D5A21CE46}"
EndProject
Project("{2150E333-8FDC-42A3-9474-1A3956D46DE8}") = "tests", "tests", "{DFC721E3-4128-4F4D-998C-8EA06A365735}"
EndProject
Project("{2150E333-8FDC-42A3-9474-1A3956D46DE8}") = "ApiGateways", "ApiGateways", "{C1615DB0-8FBD-44A5-8D64-97071732BFDC}"
EndProject
Project("{2150E333-8FDC-42A3-9474-1A3956D46DE8}") = "BuildingBlocks", "BuildingBlocks", "{9AE27C7F-F795-48D2-A2C7-4F16D5E4E210}"
EndProject
Project("{2150E333-8FDC-42A3-9474-1A3956D46DE8}") = "Services", "Services", "{E99F8467-4CB0-4BEE-A7DB-F0CADCEB5851}"
EndProject
Project("{2150E333-8FDC-42A3-9474-1A3956D46DE8}") = "WebApps", "WebApps", "{F9EEC5FF-F76A-47B3-AF69-CF742C379411}"
EndProject
Project("{2150E333-8FDC-42A3-9474-1A3956D46DE8}") = "Product", "Product", "{1CF0F749-5285-48C7-B2F5-2ED5DFEF9AF0}"
EndProject
Project("{2150E333-8FDC-42A3-9474-1A3956D46DE8}") = "Customer", "Customer", "{D6722181-2D22-4E00-B540-18B7D2BD3CA0}"
EndProject
Project("{2150E333-8FDC-42A3-9474-1A3956D46DE8}") = "Basket", "Basket", "{C980B307-ABD3-481A-A015-F9D93FD7B8B4}"
EndProject
Project("{2150E333-8FDC-42A3-9474-1A3956D46DE8}") = "Ordering", "Ordering", "{02266224-EDCE-45C2-BE16-A83810CA6E79}"
EndProject
Project("{2150E333-8FDC-42A3-9474-1A3956D46DE8}") = "Inventory", "Inventory", "{C9A5B904-5B62-42B7-AC7A-6EA0DB349FFE}"
EndProject
Project("{2150E333-8FDC-42A3-9474-1A3956D46DE8}") = "ScheduleJob", "ScheduleJob", "{E243769E-6555-4A2B-9073-57685E510F42}"
EndProject
Project("{9A19103F-16F7-4668-BE54-9A1E7A4F7556}") = "Basket.API", "src\Services\Basket.API\Basket.API.csproj", "{227A3DF0-2D44-4861-A83A-8E6961F48447}"
EndProject
Project("{9A19103F-16F7-4668-BE54-9A1E7A4F7556}") = "Customer.API", "src\Services\Customer.API\Customer.API.csproj", "{4950B9A3-A431-403E-A0E8-1213686B1024}"
EndProject
Project("{9A19103F-16F7-4668-BE54-9A1E7A4F7556}") = "Inventory.API", "src\Services\Inventory.API\Inventory.API.csproj", "{5ED025A1-F10E-41AB-964E-99076B4DA267}"
EndProject
Project("{9A19103F-16F7-4668-BE54-9A1E7A4F7556}") = "Ordering.API", "src\Services\Ordering.API\Ordering.API.csproj", "{1A60290F-9659-483A-A0B8-F7B1A237396C}"
EndProject
Project("{9A19103F-16F7-4668-BE54-9A1E7A4F7556}") = "Product.API", "src\Services\Product.API\Product.API.csproj", "{D5E1B17F-F0C3-4112-AFC1-98BD5E1BDDF8}"
EndProject
Project("{9A19103F-16F7-4668-BE54-9A1E7A4F7556}") = "Hangfire.API", "src\Services\Hangfire.API\Hangfire.API.csproj", "{A24DC6AD-3A28-496E-ACFF-6FC7C9E3CE2F}"
EndProject
Project("{9A19103F-16F7-4668-BE54-9A1E7A4F7556}") = "Common.Logging", "src\BuildingBlocks\Common.Logging\Common.Logging.csproj", "{812606AD-439E-4EE9-93EB-D722C54EE54C}"
EndProject
Project("{9A19103F-16F7-4668-BE54-9A1E7A4F7556}") = "Contracts", "src\BuildingBlocks\Contracts\Contracts.csproj", "{C6F68F18-CAC5-4A9C-B903-80F55887AB64}"
EndProject
Project("{9A19103F-16F7-4668-BE54-9A1E7A4F7556}") = "EventBus.Messages", "src\BuildingBlocks\EventBus.Message\EventBus.Messages.csproj", "{AB96D260-4464-4492-B49B-E91682B356DA}"
EndProject
Project("{9A19103F-16F7-4668-BE54-9A1E7A4F7556}") = "WebHealthStatus", "src\WebApps\WebHealthStatus.csproj", "{57EC3FD6-88F5-4253-866E-5ED651488F93}"
EndProject
Project("{9A19103F-16F7-4668-BE54-9A1E7A4F7556}") = "Infrastructure", "src\BuildingBlocks\Infrastructure\Infrastructure.csproj", "{865C9C01-1637-453F-AA0B-7568FA3DE652}"
EndProject
Project("{9A19103F-16F7-4668-BE54-9A1E7A4F7556}") = "Shared", "src\BuildingBlocks\Shared\Shared.csproj", "{E4C673DA-4F31-451B-A9B3-AE724B4356E4}"
EndProject
Project("{9A19103F-16F7-4668-BE54-9A1E7A4F7556}") = "OcelotApiGateway", "src\ApiGateways\OcelotApiGateway\OcelotApiGateway.csproj", "{0199DFF3-39D7-4027-B747-6F8C6521B51E}"
EndProject
Global
	GlobalSection(SolutionConfigurationPlatforms) = preSolution
		Debug|Any CPU = Debug|Any CPU
		Release|Any CPU = Release|Any CPU
	EndGlobalSection
	GlobalSection(ProjectConfigurationPlatforms) = postSolution
		{227A3DF0-2D44-4861-A83A-8E6961F48447}.Debug|Any CPU.ActiveCfg = Debug|Any CPU
		{227A3DF0-2D44-4861-A83A-8E6961F48447}.Debug|Any CPU.Build.0 = Debug|Any CPU
		{227A3DF0-2D44-4861-A83A-8E6961F48447}.Release|Any CPU.ActiveCfg = Release|Any CPU
		{227A3DF0-2D44-4861-A83A-8E6961F48447}.Release|Any CPU.Build.0 = Release|Any CPU
		{4950B9A3-A431-403E-A0E8-1213686B1024}.Debug|Any CPU.ActiveCfg = Debug|Any CPU
		{4950B9A3-A431-403E-A0E8-1213686B1024}.Debug|Any CPU.Build.0 = Debug|Any CPU
		{4950B9A3-A431-403E-A0E8-1213686B1024}.Release|Any CPU.ActiveCfg = Release|Any CPU
		{4950B9A3-A431-403E-A0E8-1213686B1024}.Release|Any CPU.Build.0 = Release|Any CPU
		{5ED025A1-F10E-41AB-964E-99076B4DA267}.Debug|Any CPU.ActiveCfg = Debug|Any CPU
		{5ED025A1-F10E-41AB-964E-99076B4DA267}.Debug|Any CPU.Build.0 = Debug|Any CPU
		{5ED025A1-F10E-41AB-964E-99076B4DA267}.Release|Any CPU.ActiveCfg = Release|Any CPU
		{5ED025A1-F10E-41AB-964E-99076B4DA267}.Release|Any CPU.Build.0 = Release|Any CPU
		{1A60290F-9659-483A-A0B8-F7B1A237396C}.Debug|Any CPU.ActiveCfg = Debug|Any CPU
		{1A60290F-9659-483A-A0B8-F7B1A237396C}.Debug|Any CPU.Build.0 = Debug|Any CPU
		{1A60290F-9659-483A-A0B8-F7B1A237396C}.Release|Any CPU.ActiveCfg = Release|Any CPU
		{1A60290F-9659-483A-A0B8-F7B1A237396C}.Release|Any CPU.Build.0 = Release|Any CPU
		{D5E1B17F-F0C3-4112-AFC1-98BD5E1BDDF8}.Debug|Any CPU.ActiveCfg = Debug|Any CPU
		{D5E1B17F-F0C3-4112-AFC1-98BD5E1BDDF8}.Debug|Any CPU.Build.0 = Debug|Any CPU
		{D5E1B17F-F0C3-4112-AFC1-98BD5E1BDDF8}.Release|Any CPU.ActiveCfg = Release|Any CPU
		{D5E1B17F-F0C3-4112-AFC1-98BD5E1BDDF8}.Release|Any CPU.Build.0 = Release|Any CPU
		{A24DC6AD-3A28-496E-ACFF-6FC7C9E3CE2F}.Debug|Any CPU.ActiveCfg = Debug|Any CPU
		{A24DC6AD-3A28-496E-ACFF-6FC7C9E3CE2F}.Debug|Any CPU.Build.0 = Debug|Any CPU
		{A24DC6AD-3A28-496E-ACFF-6FC7C9E3CE2F}.Release|Any CPU.ActiveCfg = Release|Any CPU
		{A24DC6AD-3A28-496E-ACFF-6FC7C9E3CE2F}.Release|Any CPU.Build.0 = Release|Any CPU
		{812606AD-439E-4EE9-93EB-D722C54EE54C}.Debug|Any CPU.ActiveCfg = Debug|Any CPU
		{812606AD-439E-4EE9-93EB-D722C54EE54C}.Debug|Any CPU.Build.0 = Debug|Any CPU
		{812606AD-439E-4EE9-93EB-D722C54EE54C}.Release|Any CPU.ActiveCfg = Release|Any CPU
		{812606AD-439E-4EE9-93EB-D722C54EE54C}.Release|Any CPU.Build.0 = Release|Any CPU
		{C6F68F18-CAC5-4A9C-B903-80F55887AB64}.Debug|Any CPU.ActiveCfg = Debug|Any CPU
		{C6F68F18-CAC5-4A9C-B903-80F55887AB64}.Debug|Any CPU.Build.0 = Debug|Any CPU
		{C6F68F18-CAC5-4A9C-B903-80F55887AB64}.Release|Any CPU.ActiveCfg = Release|Any CPU
		{C6F68F18-CAC5-4A9C-B903-80F55887AB64}.Release|Any CPU.Build.0 = Release|Any CPU
		{AB96D260-4464-4492-B49B-E91682B356DA}.Debug|Any CPU.ActiveCfg = Debug|Any CPU
		{AB96D260-4464-4492-B49B-E91682B356DA}.Debug|Any CPU.Build.0 = Debug|Any CPU
		{AB96D260-4464-4492-B49B-E91682B356DA}.Release|Any CPU.ActiveCfg = Release|Any CPU
		{AB96D260-4464-4492-B49B-E91682B356DA}.Release|Any CPU.Build.0 = Release|Any CPU
		{57EC3FD6-88F5-4253-866E-5ED651488F93}.Debug|Any CPU.ActiveCfg = Debug|Any CPU
		{57EC3FD6-88F5-4253-866E-5ED651488F93}.Debug|Any CPU.Build.0 = Debug|Any CPU
		{57EC3FD6-88F5-4253-866E-5ED651488F93}.Release|Any CPU.ActiveCfg = Release|Any CPU
		{57EC3FD6-88F5-4253-866E-5ED651488F93}.Release|Any CPU.Build.0 = Release|Any CPU
		{865C9C01-1637-453F-AA0B-7568FA3DE652}.Debug|Any CPU.ActiveCfg = Debug|Any CPU
		{865C9C01-1637-453F-AA0B-7568FA3DE652}.Debug|Any CPU.Build.0 = Debug|Any CPU
		{865C9C01-1637-453F-AA0B-7568FA3DE652}.Release|Any CPU.ActiveCfg = Release|Any CPU
		{865C9C01-1637-453F-AA0B-7568FA3DE652}.Release|Any CPU.Build.0 = Release|Any CPU
		{E4C673DA-4F31-451B-A9B3-AE724B4356E4}.Debug|Any CPU.ActiveCfg = Debug|Any CPU
		{E4C673DA-4F31-451B-A9B3-AE724B4356E4}.Debug|Any CPU.Build.0 = Debug|Any CPU
		{E4C673DA-4F31-451B-A9B3-AE724B4356E4}.Release|Any CPU.ActiveCfg = Release|Any CPU
		{E4C673DA-4F31-451B-A9B3-AE724B4356E4}.Release|Any CPU.Build.0 = Release|Any CPU
		{0199DFF3-39D7-4027-B747-6F8C6521B51E}.Debug|Any CPU.ActiveCfg = Debug|Any CPU
		{0199DFF3-39D7-4027-B747-6F8C6521B51E}.Debug|Any CPU.Build.0 = Debug|Any CPU
		{0199DFF3-39D7-4027-B747-6F8C6521B51E}.Release|Any CPU.ActiveCfg = Release|Any CPU
		{0199DFF3-39D7-4027-B747-6F8C6521B51E}.Release|Any CPU.Build.0 = Release|Any CPU
	EndGlobalSection
	GlobalSection(SolutionProperties) = preSolution
		HideSolutionNode = FALSE
	EndGlobalSection
	GlobalSection(NestedProjects) = preSolution
		{C1615DB0-8FBD-44A5-8D64-97071732BFDC} = {C8284543-6DA3-4A39-A62E-C47D5A21CE46}
		{9AE27C7F-F795-48D2-A2C7-4F16D5E4E210} = {C8284543-6DA3-4A39-A62E-C47D5A21CE46}
		{E99F8467-4CB0-4BEE-A7DB-F0CADCEB5851} = {C8284543-6DA3-4A39-A62E-C47D5A21CE46}
		{F9EEC5FF-F76A-47B3-AF69-CF742C379411} = {C8284543-6DA3-4A39-A62E-C47D5A21CE46}
		{1CF0F749-5285-48C7-B2F5-2ED5DFEF9AF0} = {E99F8467-4CB0-4BEE-A7DB-F0CADCEB5851}
		{D6722181-2D22-4E00-B540-18B7D2BD3CA0} = {E99F8467-4CB0-4BEE-A7DB-F0CADCEB5851}
		{C980B307-ABD3-481A-A015-F9D93FD7B8B4} = {E99F8467-4CB0-4BEE-A7DB-F0CADCEB5851}
		{02266224-EDCE-45C2-BE16-A83810CA6E79} = {E99F8467-4CB0-4BEE-A7DB-F0CADCEB5851}
		{C9A5B904-5B62-42B7-AC7A-6EA0DB349FFE} = {E99F8467-4CB0-4BEE-A7DB-F0CADCEB5851}
		{E243769E-6555-4A2B-9073-57685E510F42} = {E99F8467-4CB0-4BEE-A7DB-F0CADCEB5851}
		{227A3DF0-2D44-4861-A83A-8E6961F48447} = {C980B307-ABD3-481A-A015-F9D93FD7B8B4}
		{4950B9A3-A431-403E-A0E8-1213686B1024} = {D6722181-2D22-4E00-B540-18B7D2BD3CA0}
		{5ED025A1-F10E-41AB-964E-99076B4DA267} = {C9A5B904-5B62-42B7-AC7A-6EA0DB349FFE}
		{1A60290F-9659-483A-A0B8-F7B1A237396C} = {02266224-EDCE-45C2-BE16-A83810CA6E79}
		{D5E1B17F-F0C3-4112-AFC1-98BD5E1BDDF8} = {1CF0F749-5285-48C7-B2F5-2ED5DFEF9AF0}
		{A24DC6AD-3A28-496E-ACFF-6FC7C9E3CE2F} = {E243769E-6555-4A2B-9073-57685E510F42}
		{812606AD-439E-4EE9-93EB-D722C54EE54C} = {9AE27C7F-F795-48D2-A2C7-4F16D5E4E210}
		{C6F68F18-CAC5-4A9C-B903-80F55887AB64} = {9AE27C7F-F795-48D2-A2C7-4F16D5E4E210}
		{AB96D260-4464-4492-B49B-E91682B356DA} = {9AE27C7F-F795-48D2-A2C7-4F16D5E4E210}
		{57EC3FD6-88F5-4253-866E-5ED651488F93} = {F9EEC5FF-F76A-47B3-AF69-CF742C379411}
		{865C9C01-1637-453F-AA0B-7568FA3DE652} = {9AE27C7F-F795-48D2-A2C7-4F16D5E4E210}
		{E4C673DA-4F31-451B-A9B3-AE724B4356E4} = {9AE27C7F-F795-48D2-A2C7-4F16D5E4E210}
		{0199DFF3-39D7-4027-B747-6F8C6521B51E} = {C1615DB0-8FBD-44A5-8D64-97071732BFDC}
	EndGlobalSection
	GlobalSection(ExtensibilityGlobals) = postSolution
		SolutionGuid = {3A39D506-4229-45C3-BBBD-D94EEA962F8D}
	EndGlobalSection
EndGlobal
